{
  "version": "5",
  "specifiers": {
    "jsr:@iuioiua/redis@*": "1.1.9",
    "jsr:@std/assert@*": "1.0.13",
    "jsr:@std/internal@^1.0.6": "1.0.8",
    "npm:@deno/kv@*": "0.10.0"
  },
  "jsr": {
    "@iuioiua/redis@1.1.9": {
      "integrity": "167d9031d0b8cf050d63756cf6b2d59872d9095784b2dff2b8a40adcf744c1e4"
    },
    "@std/assert@1.0.13": {
      "integrity": "ae0d31e41919b12c656c742b22522c32fb26ed0cba32975cb0de2a273cb68b29",
      "dependencies": [
        "jsr:@std/internal"
      ]
    },
    "@std/internal@1.0.8": {
      "integrity": "fc66e846d8d38a47cffd274d80d2ca3f0de71040f855783724bb6b87f60891f5"
    }
  },
  "npm": {
    "@deno/kv-darwin-arm64@0.10.0": {
      "integrity": "sha512-A3ZlAtDwustZDPG7F2quF0PLn18qagGdRP7BynaRdyMvbQRZFKODg2MBjtRJIoaDnbodbprnyxFNwIKKHTEgXg==",
      "os": ["darwin"],
      "cpu": ["arm64"]
    },
    "@deno/kv-darwin-x64@0.10.0": {
      "integrity": "sha512-olIc2rVGat+CdVc4sAoCnaCht3072+Y87rNA3RVDlHSdCf/lCA/72rKHkhLnr2N0NDaZuObgez0q5dlnG81Hvg==",
      "os": ["darwin"],
      "cpu": ["x64"]
    },
    "@deno/kv-linux-x64-gnu@0.10.0": {
      "integrity": "sha512-WruhVdvLQmy/IbawcRQlqvqd7ieUbZnKU/0Cxy0y4LXwPQ9SBHeUG6U0YI6+4gN+q26GXBnifEQv6e6ocqS9Qg==",
      "os": ["linux"],
      "cpu": ["x64"]
    },
    "@deno/kv-win32-x64-msvc@0.10.0": {
      "integrity": "sha512-7l9rlxS7KERpnRSXGoot+zXBeaDt4Dt+LShTva+XwuYqQstnxTuo0xLNzt36+nYHtMeVGCxZUzwQFCNp8686Sw==",
      "os": ["win32"],
      "cpu": ["x64"]
    },
    "@deno/kv@0.10.0": {
      "integrity": "sha512-fbQFYsWvTbyjj6QhXOXFzb3AaMuStOTgUQvgoHf0bJ2s8csklV4V5NkGvi/aNH3uqmduYw+LULz9pPerpiwNfA==",
      "optionalDependencies": [
        "@deno/kv-darwin-arm64",
        "@deno/kv-darwin-x64",
        "@deno/kv-linux-x64-gnu",
        "@deno/kv-win32-x64-msvc"
      ]
    }
  }
}
