{
  "version": "5",
  "specifiers": {
    "jsr:@iuioiua/redis@*": "1.1.9",
    "jsr:@iuioiua/redis@1.1.9": "1.1.9",
    "jsr:@nats-io/nats-core@3.0.2": "3.0.2",
    "jsr:@nats-io/nkeys@2.0.3": "2.0.3",
    "jsr:@nats-io/nuid@2.0.3": "2.0.3",
    "jsr:@nats-io/transport-deno@*": "3.0.2",
    "jsr:@std/assert@*": "1.0.13",
    "jsr:@std/bytes@^1.0.5": "1.0.5",
    "jsr:@std/internal@^1.0.6": "1.0.8",
    "jsr:@std/io@0.225.2": "0.225.2",
    "npm:@deno/kv@*": "0.10.0",
    "npm:@deno/kv@0.10": "0.10.0",
    "npm:@nats-io/kv@*": "3.0.2",
    "npm:@nats-io/kv@3.0.2": "3.0.2",
    "npm:@nats-io/nats-core@*": "3.0.2",
    "npm:@nats-io/transport-node@*": "3.0.2",
    "npm:@types/node@*": "22.15.15",
    "npm:tweetnacl@1.0.3": "1.0.3"
  },
  "jsr": {
    "@iuioiua/redis@1.1.9": {
      "integrity": "167d9031d0b8cf050d63756cf6b2d59872d9095784b2dff2b8a40adcf744c1e4"
    },
    "@nats-io/nats-core@3.0.2": {
      "integrity": "e38944d564ea50d5c50f2d8d47f16cead1872d16b12e76ece64933d87a65176b",
      "dependencies": [
        "jsr:@nats-io/nkeys",
        "jsr:@nats-io/nuid"
      ]
    },
    "@nats-io/nkeys@2.0.3": {
      "integrity": "e92c96eea32b559f2e0f32555b49376942d66c07e59efff9180dbf29e516fbd8",
      "dependencies": [
        "npm:tweetnacl"
      ]
    },
    "@nats-io/nuid@2.0.3": {
      "integrity": "c1069446e43dfa4f5e599c398a1bfc1be0c8dab1c839b6d2b9c3617cc1998306"
    },
    "@nats-io/transport-deno@3.0.2": {
      "integrity": "04064eeb974d713170c0885ede13fba11dbee01bfa21ad134a9f76af63909454",
      "dependencies": [
        "jsr:@nats-io/nats-core@3.0.2",
        "jsr:@std/io"
      ]
    },
    "@std/assert@1.0.13": {
      "integrity": "ae0d31e41919b12c656c742b22522c32fb26ed0cba32975cb0de2a273cb68b29",
      "dependencies": [
        "jsr:@std/internal"
      ]
    },
    "@std/bytes@1.0.5": {
      "integrity": "4465dd739d7963d964c809202ebea6d5c6b8e3829ef25c6a224290fbb8a1021e"
    },
    "@std/internal@1.0.8": {
      "integrity": "fc66e846d8d38a47cffd274d80d2ca3f0de71040f855783724bb6b87f60891f5"
    },
    "@std/io@0.225.2": {
      "integrity": "3c740cd4ee4c082e6cfc86458f47e2ab7cb353dc6234d5e9b1f91a2de5f4d6c7",
      "dependencies": [
        "jsr:@std/bytes"
      ]
    }
  },
  "npm": {
    "@deno/kv-darwin-arm64@0.10.0": {
      "integrity": "sha512-A3ZlAtDwustZDPG7F2quF0PLn18qagGdRP7BynaRdyMvbQRZFKODg2MBjtRJIoaDnbodbprnyxFNwIKKHTEgXg==",
      "os": ["darwin"],
      "cpu": ["arm64"]
    },
    "@deno/kv-darwin-x64@0.10.0": {
      "integrity": "sha512-olIc2rVGat+CdVc4sAoCnaCht3072+Y87rNA3RVDlHSdCf/lCA/72rKHkhLnr2N0NDaZuObgez0q5dlnG81Hvg==",
      "os": ["darwin"],
      "cpu": ["x64"]
    },
    "@deno/kv-linux-x64-gnu@0.10.0": {
      "integrity": "sha512-WruhVdvLQmy/IbawcRQlqvqd7ieUbZnKU/0Cxy0y4LXwPQ9SBHeUG6U0YI6+4gN+q26GXBnifEQv6e6ocqS9Qg==",
      "os": ["linux"],
      "cpu": ["x64"]
    },
    "@deno/kv-win32-x64-msvc@0.10.0": {
      "integrity": "sha512-7l9rlxS7KERpnRSXGoot+zXBeaDt4Dt+LShTva+XwuYqQstnxTuo0xLNzt36+nYHtMeVGCxZUzwQFCNp8686Sw==",
      "os": ["win32"],
      "cpu": ["x64"]
    },
    "@deno/kv@0.10.0": {
      "integrity": "sha512-fbQFYsWvTbyjj6QhXOXFzb3AaMuStOTgUQvgoHf0bJ2s8csklV4V5NkGvi/aNH3uqmduYw+LULz9pPerpiwNfA==",
      "optionalDependencies": [
        "@deno/kv-darwin-arm64",
        "@deno/kv-darwin-x64",
        "@deno/kv-linux-x64-gnu",
        "@deno/kv-win32-x64-msvc"
      ]
    },
    "@nats-io/jetstream@3.0.2": {
      "integrity": "sha512-dR789x1xhMyEukXILPWDo6ODW53nHpBD9LnsnnywA+pTkwYFydEkYdyhv9HzFc6s6Nfrb2TpibrT4znijlg2dg==",
      "dependencies": [
        "@nats-io/nats-core"
      ]
    },
    "@nats-io/kv@3.0.2": {
      "integrity": "sha512-/4YvVlgmS6HEtukJE66kelJOHovB411GFo8kTUnUr6FYwws9eNMhsOwvBC4HEZXy9m8VjlA0t4nPPoH66bj2lg==",
      "dependencies": [
        "@nats-io/jetstream",
        "@nats-io/nats-core"
      ]
    },
    "@nats-io/nats-core@3.0.2": {
      "integrity": "sha512-gACbRIhY3yQTO+5C4E1LY/qO2e5EhGUBeDsnPDT8Hd3qY9mfhNtluY6R7d7WX7/JMGsXRPbYdSLSADr/ECSy3w==",
      "dependencies": [
        "@nats-io/nkeys",
        "@nats-io/nuid"
      ]
    },
    "@nats-io/nkeys@2.0.3": {
      "integrity": "sha512-JVt56GuE6Z89KUkI4TXUbSI9fmIfAmk6PMPknijmuL72GcD+UgIomTcRWiNvvJKxA01sBbmIPStqJs5cMRBC3A==",
      "dependencies": [
        "tweetnacl"
      ]
    },
    "@nats-io/nuid@2.0.3": {
      "integrity": "sha512-TpA3HEBna/qMVudy+3HZr5M3mo/L1JPofpVT4t0HkFGkz2Cn9wrlrQC8tvR8Md5Oa9//GtGG26eN0qEWF5Vqew=="
    },
    "@nats-io/transport-node@3.0.2": {
      "integrity": "sha512-hPuep/ObVepjAM1dFy+XhqMlIzga3bQpbgQiOWM5AxwNZ9CF7GHAtfaxG7WY6+t057tBW8axC0nBL71Q8chQBQ==",
      "dependencies": [
        "@nats-io/nats-core",
        "@nats-io/nkeys",
        "@nats-io/nuid"
      ]
    },
    "@types/node@22.15.15": {
      "integrity": "sha512-R5muMcZob3/Jjchn5LcO8jdKwSCbzqmPB6ruBxMcf9kbxtniZHP327s6C37iOfuw8mbKK3cAQa7sEl7afLrQ8A==",
      "dependencies": [
        "undici-types"
      ]
    },
    "tweetnacl@1.0.3": {
      "integrity": "sha512-6rt+RN7aOi1nGMyC4Xa5DdYiukl2UWCbcJft7YhxReBGQD7OAM8Pbxw6YMo4r2diNEA8FEmu32YOn9rhaiE5yw=="
    },
    "undici-types@6.21.0": {
      "integrity": "sha512-iwDZqg0QAGrg9Rav5H4n0M64c3mkR59cJ6wQp+7C4nI0gsmExaedaYLNO44eT4AtBBwjbTiGPMlt2Md0T9H9JQ=="
    }
  },
  "remote": {
    "https://deno.land/std@0.224.0/assert/_constants.ts": "a271e8ef5a573f1df8e822a6eb9d09df064ad66a4390f21b3e31f820a38e0975",
    "https://deno.land/std@0.224.0/assert/assert.ts": "09d30564c09de846855b7b071e62b5974b001bb72a4b797958fe0660e7849834",
    "https://deno.land/std@0.224.0/assert/assert_almost_equals.ts": "9e416114322012c9a21fa68e187637ce2d7df25bcbdbfd957cd639e65d3cf293",
    "https://deno.land/std@0.224.0/assert/assert_array_includes.ts": "14c5094471bc8e4a7895fc6aa5a184300d8a1879606574cb1cd715ef36a4a3c7",
    "https://deno.land/std@0.224.0/assert/assert_equals.ts": "3bbca947d85b9d374a108687b1a8ba3785a7850436b5a8930d81f34a32cb8c74",
    "https://deno.land/std@0.224.0/assert/assert_exists.ts": "43420cf7f956748ae6ed1230646567b3593cb7a36c5a5327269279c870c5ddfd",
    "https://deno.land/std@0.224.0/assert/assert_false.ts": "3e9be8e33275db00d952e9acb0cd29481a44fa0a4af6d37239ff58d79e8edeff",
    "https://deno.land/std@0.224.0/assert/assert_greater.ts": "5e57b201fd51b64ced36c828e3dfd773412c1a6120c1a5a99066c9b261974e46",
    "https://deno.land/std@0.224.0/assert/assert_greater_or_equal.ts": "9870030f997a08361b6f63400273c2fb1856f5db86c0c3852aab2a002e425c5b",
    "https://deno.land/std@0.224.0/assert/assert_instance_of.ts": "e22343c1fdcacfaea8f37784ad782683ec1cf599ae9b1b618954e9c22f376f2c",
    "https://deno.land/std@0.224.0/assert/assert_is_error.ts": "f856b3bc978a7aa6a601f3fec6603491ab6255118afa6baa84b04426dd3cc491",
    "https://deno.land/std@0.224.0/assert/assert_less.ts": "60b61e13a1982865a72726a5fa86c24fad7eb27c3c08b13883fb68882b307f68",
    "https://deno.land/std@0.224.0/assert/assert_less_or_equal.ts": "d2c84e17faba4afe085e6c9123a63395accf4f9e00150db899c46e67420e0ec3",
    "https://deno.land/std@0.224.0/assert/assert_match.ts": "ace1710dd3b2811c391946954234b5da910c5665aed817943d086d4d4871a8b7",
    "https://deno.land/std@0.224.0/assert/assert_not_equals.ts": "78d45dd46133d76ce624b2c6c09392f6110f0df9b73f911d20208a68dee2ef29",
    "https://deno.land/std@0.224.0/assert/assert_not_instance_of.ts": "3434a669b4d20cdcc5359779301a0588f941ffdc2ad68803c31eabdb4890cf7a",
    "https://deno.land/std@0.224.0/assert/assert_not_match.ts": "df30417240aa2d35b1ea44df7e541991348a063d9ee823430e0b58079a72242a",
    "https://deno.land/std@0.224.0/assert/assert_not_strict_equals.ts": "37f73880bd672709373d6dc2c5f148691119bed161f3020fff3548a0496f71b8",
    "https://deno.land/std@0.224.0/assert/assert_object_match.ts": "411450fd194fdaabc0089ae68f916b545a49d7b7e6d0026e84a54c9e7eed2693",
    "https://deno.land/std@0.224.0/assert/assert_rejects.ts": "4bee1d6d565a5b623146a14668da8f9eb1f026a4f338bbf92b37e43e0aa53c31",
    "https://deno.land/std@0.224.0/assert/assert_strict_equals.ts": "b4f45f0fd2e54d9029171876bd0b42dd9ed0efd8f853ab92a3f50127acfa54f5",
    "https://deno.land/std@0.224.0/assert/assert_string_includes.ts": "496b9ecad84deab72c8718735373feb6cdaa071eb91a98206f6f3cb4285e71b8",
    "https://deno.land/std@0.224.0/assert/assert_throws.ts": "c6508b2879d465898dab2798009299867e67c570d7d34c90a2d235e4553906eb",
    "https://deno.land/std@0.224.0/assert/assertion_error.ts": "ba8752bd27ebc51f723702fac2f54d3e94447598f54264a6653d6413738a8917",
    "https://deno.land/std@0.224.0/assert/equal.ts": "bddf07bb5fc718e10bb72d5dc2c36c1ce5a8bdd3b647069b6319e07af181ac47",
    "https://deno.land/std@0.224.0/assert/fail.ts": "0eba674ffb47dff083f02ced76d5130460bff1a9a68c6514ebe0cdea4abadb68",
    "https://deno.land/std@0.224.0/assert/mod.ts": "48b8cb8a619ea0b7958ad7ee9376500fe902284bb36f0e32c598c3dc34cbd6f3",
    "https://deno.land/std@0.224.0/assert/unimplemented.ts": "8c55a5793e9147b4f1ef68cd66496b7d5ba7a9e7ca30c6da070c1a58da723d73",
    "https://deno.land/std@0.224.0/assert/unreachable.ts": "5ae3dbf63ef988615b93eb08d395dda771c96546565f9e521ed86f6510c29e19",
    "https://deno.land/std@0.224.0/async/delay.ts": "f90dd685b97c2f142b8069082993e437b1602b8e2561134827eeb7c12b95c499",
    "https://deno.land/std@0.224.0/fmt/colors.ts": "508563c0659dd7198ba4bbf87e97f654af3c34eb56ba790260f252ad8012e1c5",
    "https://deno.land/std@0.224.0/internal/diff.ts": "6234a4b493ebe65dc67a18a0eb97ef683626a1166a1906232ce186ae9f65f4e6",
    "https://deno.land/std@0.224.0/internal/format.ts": "0a98ee226fd3d43450245b1844b47003419d34d210fa989900861c79820d21c2",
    "https://deno.land/std@0.224.0/internal/mod.ts": "534125398c8e7426183e12dc255bb635d94e06d0f93c60a297723abe69d3b22e"
  },
  "workspace": {
    "members": {
      "kv-mini-redis": {
        "dependencies": [
          "jsr:@iuioiua/redis@1.1.9"
        ]
      },
      "kv-nats": {
        "dependencies": [
          "jsr:@nats-io/kv@3.0.2",
          "npm:@nats-io/kv@3.0.2"
        ]
      },
      "kv-node-denokv": {
        "dependencies": [
          "npm:@deno/kv@0.10"
        ]
      }
    }
  }
}
